<?xml version="1.0" encoding="utf-8"?>
<Project ToolsVersion="17.0" xmlns="http://schemas.microsoft.com/developer/msbuild/2003">
  <ItemGroup>
    <ClCompile Include="D:\Projects\cpp\anykeys\samp-server-api\src\CConsole.cpp">
      <Filter>Source Files</Filter>
    </ClCompile>
    <ClCompile Include="D:\Projects\cpp\anykeys\samp-server-api\src\CFilterScript.cpp">
      <Filter>Source Files</Filter>
    </ClCompile>
    <ClCompile Include="D:\Projects\cpp\anykeys\samp-server-api\src\CGamemode.cpp">
      <Filter>Source Files</Filter>
    </ClCompile>
    <ClCompile Include="D:\Projects\cpp\anykeys\samp-server-api\src\CNetGame.cpp">
      <Filter>Source Files</Filter>
    </ClCompile>
    <ClCompile Include="D:\Projects\cpp\anykeys\samp-server-api\src\CVEehiclePool.cpp">
      <Filter>Source Files</Filter>
    </ClCompile>
    <ClCompile Include="D:\Projects\cpp\anykeys\samp-server-api\src\CVehicle.cpp">
      <Filter>Source Files</Filter>
    </ClCompile>
    <ClCompile Include="D:\Projects\cpp\anykeys\samp-server-api\src\amxplugin.cpp">
      <Filter>Source Files</Filter>
    </ClCompile>
    <ClCompile Include="D:\Projects\cpp\anykeys\samp-server-api\src\raknet\BitStream.cpp">
      <Filter>Source Files</Filter>
    </ClCompile>
    <ClCompile Include="D:\Projects\cpp\anykeys\samp-server-api\src\raknet\NetworkTypes.cpp">
      <Filter>Source Files</Filter>
    </ClCompile>
  </ItemGroup>
  <ItemGroup>
    <CustomBuild Include="D:\Projects\cpp\anykeys\samp-server-api\CMakeLists.txt" />
  </ItemGroup>
  <ItemGroup>
    <Filter Include="Source Files">
      <UniqueIdentifier>{1B48667B-D83B-3CC4-AB48-3D9FEFDD591C}</UniqueIdentifier>
    </Filter>
  </ItemGroup>
</Project>
